
Microsoft Visual Studio Solution File, Format Version 12.00
# Visual Studio Version 17
VisualStudioVersion = 17.1.32328.378
MinimumVisualStudioVersion = 10.0.40219.1
Project("{FAE04EC0-301F-11D3-BF4B-00C04F79EFBC}") = "tetris", "tetris\tetris.csproj", "{BBB9CFEF-E156-49A1-A09A-D830F5597D4D}"
EndProject
Global
	GlobalSection(SolutionConfigurationPlatforms) = preSolution
		Debug|Any CPU = Debug|Any CPU
		Release|Any CPU = Release|Any CPU
	EndGlobalSection
	GlobalSection(ProjectConfigurationPlatforms) = postSolution
		{BBB9CFEF-E156-49A1-A09A-D830F5597D4D}.Debug|Any CPU.ActiveCfg = Debug|Any CPU
		{BBB9CFEF-E156-49A1-A09A-D830F5597D4D}.Debug|Any CPU.Build.0 = Debug|Any CPU
		{BBB9CFEF-E156-49A1-A09A-D830F5597D4D}.Release|Any CPU.ActiveCfg = Release|Any CPU
		{BBB9CFEF-E156-49A1-A09A-D830F5597D4D}.Release|Any CPU.Build.0 = Release|Any CPU
	EndGlobalSection
	GlobalSection(SolutionProperties) = preSolution
		HideSolutionNode = FALSE
	EndGlobalSection
	GlobalSection(ExtensibilityGlobals) = postSolution
		SolutionGuid = {E225AE62-5EC3-4688-B153-E32BF3808B7F}
	EndGlobalSection
EndGlobal
